{
  "originHash" : "681a940128b087a50a772fedea9d8a4b9e4d2c9e136e4cdba98fcd7dc49f85c8",
  "pins" : [
    {
      "identity" : "sparkle",
      "kind" : "remoteSourceControl",
      "location" : "https://github.com/sparkle-project/Sparkle",
      "state" : {
        "revision" : "79bc9e872948e47877e76f194cb0c8e0412b0b90",
        "version" : "2.9.5"
      }
    },
    {
      "identity" : "sweetcookiekit",
      "kind" : "remoteSourceControl",
      "location" : "https://github.com/steipete/SweetCookieKit.git",
      "state" : {
        "revision" : "d5ea6d92298779ec0c3ddf7d3d99da186a305e14",
        "version" : "0.5.2"
      }
    }
  ],
  "version" : 3
}
